github.com/antlr/antlr4 v0.0.0-20200819162015-533f63382ac9 h1:Xb0gNiE+jAXrZzbUJHSbaKB1cqXoAiFV3ybqISDlpE4=
github.com/antlr/antlr4 v0.0.0-20200819162015-533f63382ac9/go.mod h1:T7PbCXFs94rrTttyxjbyT5+/1V8T2TYDejxUfHJjw1Y=
github.com/xiazemin/json-parser v0.0.0-20200803090146-eb3c85453332 h1:e4kTm7V6c7rvN0ZHkMXaNqYZWjqI+oHeXR/yGajME4I=
